{
  "name": "talk-template-vue",
  "version": "1.0.0",
  "lockfileVersion": 1,
  "requires": true,
  "dependencies": {
    "vm-mount": {
      "version": "1.0.1",
      "resolved": "https://registry.npmjs.org/vm-mount/-/vm-mount-1.0.1.tgz",
      "integrity": "sha512-UrnOoGRmJElg+Ybz9y/I8RVwx/D5uqFICYJec+uKFq/0Pn6FzQP/aa0oYCzbPUwfXWjETH0+CM3jAONC7pLIAA=="
    },
    "vue": {
      "version": "2.5.16",
      "resolved": "https://registry.npmjs.org/vue/-/vue-2.5.16.tgz",
      "integrity": "sha512-/ffmsiVuPC8PsWcFkZngdpas19ABm5mh2wA7iDqcltyCTwlgZjHGeJYOXkBMo422iPwIcviOtrTCUpSfXmToLQ=="
    }
  }
}
